
Microsoft Visual Studio Solution File, Format Version 12.00
# Visual Studio 2013
VisualStudioVersion = 12.0.20617.1 PREVIEW
MinimumVisualStudioVersion = 10.0.40219.1
Project("{FAE04EC0-301F-11D3-BF4B-00C04F79EFBC}") = "SmartWard.HyPR", "SmartWard.HyPR\SmartWard.HyPR.csproj", "{06B47117-2663-41B5-9B11-669ED3852DE9}"
EndProject
Project("{FAE04EC0-301F-11D3-BF4B-00C04F79EFBC}") = "SmartWard.Whiteboard", "SmartWard.Whiteboard\SmartWard.Whiteboard.csproj", "{DD2ABDE0-9B2B-4DAF-961C-7CAB348C6516}"
EndProject
Project("{FAE04EC0-301F-11D3-BF4B-00C04F79EFBC}") = "SmartWard", "SmartWard\SmartWard.csproj", "{B498CE19-C564-4450-A51E-7C4F9676054C}"
EndProject
Project("{2150E333-8FDC-42A3-9474-1A3956D46DE8}") = ".nuget", ".nuget", "{E3BC93D7-3B73-4F98-B22E-32C4F06B3B7D}"
	ProjectSection(SolutionItems) = preProject
		.nuget\packages.config = .nuget\packages.config
	EndProjectSection
EndProject
Project("{FAE04EC0-301F-11D3-BF4B-00C04F79EFBC}") = "NooSphere.Infrastructure", "NooSphere.Infrastructure\NooSphere.Infrastructure.csproj", "{CF6BF4DE-E88F-448E-8F6B-F5E2A9E3B033}"
EndProject
Project("{FAE04EC0-301F-11D3-BF4B-00C04F79EFBC}") = "NooSphere.Model", "NooSphere.Model\NooSphere.Model.csproj", "{DC2A799F-B985-4A95-9B3C-FECFE14B8597}"
EndProject
Global
	GlobalSection(SolutionConfigurationPlatforms) = preSolution
		Debug|Any CPU = Debug|Any CPU
		Debug|x64 = Debug|x64
		Debug|x86 = Debug|x86
		Release|Any CPU = Release|Any CPU
		Release|x64 = Release|x64
		Release|x86 = Release|x86
	EndGlobalSection
	GlobalSection(ProjectConfigurationPlatforms) = postSolution
		{06B47117-2663-41B5-9B11-669ED3852DE9}.Debug|Any CPU.ActiveCfg = Debug|Any CPU
		{06B47117-2663-41B5-9B11-669ED3852DE9}.Debug|Any CPU.Build.0 = Debug|Any CPU
		{06B47117-2663-41B5-9B11-669ED3852DE9}.Debug|x64.ActiveCfg = Debug|Any CPU
		{06B47117-2663-41B5-9B11-669ED3852DE9}.Debug|x86.ActiveCfg = Debug|Any CPU
		{06B47117-2663-41B5-9B11-669ED3852DE9}.Release|Any CPU.ActiveCfg = Release|Any CPU
		{06B47117-2663-41B5-9B11-669ED3852DE9}.Release|Any CPU.Build.0 = Release|Any CPU
		{06B47117-2663-41B5-9B11-669ED3852DE9}.Release|x64.ActiveCfg = Release|Any CPU
		{06B47117-2663-41B5-9B11-669ED3852DE9}.Release|x86.ActiveCfg = Release|Any CPU
		{DD2ABDE0-9B2B-4DAF-961C-7CAB348C6516}.Debug|Any CPU.ActiveCfg = Debug|Any CPU
		{DD2ABDE0-9B2B-4DAF-961C-7CAB348C6516}.Debug|Any CPU.Build.0 = Debug|Any CPU
		{DD2ABDE0-9B2B-4DAF-961C-7CAB348C6516}.Debug|x64.ActiveCfg = Debug|Any CPU
		{DD2ABDE0-9B2B-4DAF-961C-7CAB348C6516}.Debug|x86.ActiveCfg = Debug|Any CPU
		{DD2ABDE0-9B2B-4DAF-961C-7CAB348C6516}.Release|Any CPU.ActiveCfg = Release|Any CPU
		{DD2ABDE0-9B2B-4DAF-961C-7CAB348C6516}.Release|Any CPU.Build.0 = Release|Any CPU
		{DD2ABDE0-9B2B-4DAF-961C-7CAB348C6516}.Release|x64.ActiveCfg = Release|Any CPU
		{DD2ABDE0-9B2B-4DAF-961C-7CAB348C6516}.Release|x86.ActiveCfg = Release|Any CPU
		{B498CE19-C564-4450-A51E-7C4F9676054C}.Debug|Any CPU.ActiveCfg = Debug|Any CPU
		{B498CE19-C564-4450-A51E-7C4F9676054C}.Debug|Any CPU.Build.0 = Debug|Any CPU
		{B498CE19-C564-4450-A51E-7C4F9676054C}.Debug|x64.ActiveCfg = Debug|Any CPU
		{B498CE19-C564-4450-A51E-7C4F9676054C}.Debug|x86.ActiveCfg = Debug|Any CPU
		{B498CE19-C564-4450-A51E-7C4F9676054C}.Release|Any CPU.ActiveCfg = Release|Any CPU
		{B498CE19-C564-4450-A51E-7C4F9676054C}.Release|Any CPU.Build.0 = Release|Any CPU
		{B498CE19-C564-4450-A51E-7C4F9676054C}.Release|x64.ActiveCfg = Release|Any CPU
		{B498CE19-C564-4450-A51E-7C4F9676054C}.Release|x86.ActiveCfg = Release|Any CPU
		{CF6BF4DE-E88F-448E-8F6B-F5E2A9E3B033}.Debug|Any CPU.ActiveCfg = Debug|Any CPU
		{CF6BF4DE-E88F-448E-8F6B-F5E2A9E3B033}.Debug|Any CPU.Build.0 = Debug|Any CPU
		{CF6BF4DE-E88F-448E-8F6B-F5E2A9E3B033}.Debug|x64.ActiveCfg = Debug|Any CPU
		{CF6BF4DE-E88F-448E-8F6B-F5E2A9E3B033}.Debug|x86.ActiveCfg = Debug|Any CPU
		{CF6BF4DE-E88F-448E-8F6B-F5E2A9E3B033}.Release|Any CPU.ActiveCfg = Release|Any CPU
		{CF6BF4DE-E88F-448E-8F6B-F5E2A9E3B033}.Release|Any CPU.Build.0 = Release|Any CPU
		{CF6BF4DE-E88F-448E-8F6B-F5E2A9E3B033}.Release|x64.ActiveCfg = Release|Any CPU
		{CF6BF4DE-E88F-448E-8F6B-F5E2A9E3B033}.Release|x86.ActiveCfg = Release|Any CPU
		{DC2A799F-B985-4A95-9B3C-FECFE14B8597}.Debug|Any CPU.ActiveCfg = Debug|Any CPU
		{DC2A799F-B985-4A95-9B3C-FECFE14B8597}.Debug|Any CPU.Build.0 = Debug|Any CPU
		{DC2A799F-B985-4A95-9B3C-FECFE14B8597}.Debug|x64.ActiveCfg = Debug|x64
		{DC2A799F-B985-4A95-9B3C-FECFE14B8597}.Debug|x64.Build.0 = Debug|x64
		{DC2A799F-B985-4A95-9B3C-FECFE14B8597}.Debug|x86.ActiveCfg = Debug|x86
		{DC2A799F-B985-4A95-9B3C-FECFE14B8597}.Debug|x86.Build.0 = Debug|x86
		{DC2A799F-B985-4A95-9B3C-FECFE14B8597}.Release|Any CPU.ActiveCfg = Release|Any CPU
		{DC2A799F-B985-4A95-9B3C-FECFE14B8597}.Release|Any CPU.Build.0 = Release|Any CPU
		{DC2A799F-B985-4A95-9B3C-FECFE14B8597}.Release|x64.ActiveCfg = Release|x64
		{DC2A799F-B985-4A95-9B3C-FECFE14B8597}.Release|x64.Build.0 = Release|x64
		{DC2A799F-B985-4A95-9B3C-FECFE14B8597}.Release|x86.ActiveCfg = Release|x86
		{DC2A799F-B985-4A95-9B3C-FECFE14B8597}.Release|x86.Build.0 = Release|x86
	EndGlobalSection
	GlobalSection(SolutionProperties) = preSolution
		HideSolutionNode = FALSE
	EndGlobalSection
EndGlobal
